lockfileVersion: 5.4

specifiers:
  '@emotion/cache': ^11.9.3
  '@emotion/react': ^11.9.3
  '@lexical/react': ^0.3.5
  '@types/node': ^18.0.0
  '@types/react': ^18.0.13
  '@types/react-dom': ^18.0.5
  lexical: ^0.3.5
  next: ^12.1.6
  react: ^18.2.0
  react-dom: ^18.2.0
  ress: ^5.0.2
  typescript: ^4.7.3

dependencies:
  '@emotion/cache': 11.9.3
  '@emotion/react': 11.9.3_wlff343ihbuq5ksmlrv2tytkq4
  '@lexical/react': 0.3.5_wgy37jy4utdih7yjs3v4tdsxmm
  lexical: 0.3.5
  next: 12.1.6_biqbaboplfbrettd7655fr4n2y
  react: 18.2.0
  react-dom: 18.2.0_react@18.2.0
  ress: 5.0.2

devDependencies:
  '@types/node': 18.0.0
  '@types/react': 18.0.13
  '@types/react-dom': 18.0.5
  typescript: 4.7.3

packages:

  /@babel/code-frame/7.16.7:
    resolution: {integrity: sha512-iAXqUn8IIeBTNd72xsFlgaXHkMBMt6y4HJp1tIaK465CWLT/fG1aqB7ykr95gHHmlBdGbFeWWfyB4NJJ0nmeIg==}
    engines: {node: '>=6.9.0'}
    dependencies:
      '@babel/highlight': 7.17.12
    dev: false

  /@babel/helper-module-imports/7.16.7:
    resolution: {integrity: sha512-LVtS6TqjJHFc+nYeITRo6VLXve70xmq7wPhWTqDJusJEgGmkAACWwMiTNrvfoQo6hEhFwAIixNkvB0jPXDL8Wg==}
    engines: {node: '>=6.9.0'}
    dependencies:
      '@babel/types': 7.18.4
    dev: false

  /@babel/helper-plugin-utils/7.17.12:
    resolution: {integrity: sha512-JDkf04mqtN3y4iAbO1hv9U2ARpPyPL1zqyWs/2WG1pgSq9llHFjStX5jdxb84himgJm+8Ng+x0oiWF/nw/XQKA==}
    engines: {node: '>=6.9.0'}
    dev: false

  /@babel/helper-validator-identifier/7.16.7:
    resolution: {integrity: sha512-hsEnFemeiW4D08A5gUAZxLBTXpZ39P+a+DGDsHw1yxqyQ/jzFEnxf5uTEGp+3bzAbNOxU1paTgYS4ECU/IgfDw==}
    engines: {node: '>=6.9.0'}
    dev: false

  /@babel/highlight/7.17.12:
    resolution: {integrity: sha512-7yykMVF3hfZY2jsHZEEgLc+3x4o1O+fYyULu11GynEUQNwB6lua+IIQn1FiJxNucd5UlyJryrwsOh8PL9Sn8Qg==}
    engines: {node: '>=6.9.0'}
    dependencies:
      '@babel/helper-validator-identifier': 7.16.7
      chalk: 2.4.2
      js-tokens: 4.0.0
    dev: false

  /@babel/plugin-syntax-jsx/7.17.12:
    resolution: {integrity: sha512-spyY3E3AURfxh/RHtjx5j6hs8am5NbUBGfcZ2vB3uShSpZdQyXSf5rR5Mk76vbtlAZOelyVQ71Fg0x9SG4fsog==}
    engines: {node: '>=6.9.0'}
    peerDependencies:
      '@babel/core': ^7.0.0-0
    dependencies:
      '@babel/helper-plugin-utils': 7.17.12
    dev: false

  /@babel/runtime/7.18.3:
    resolution: {integrity: sha512-38Y8f7YUhce/K7RMwTp7m0uCumpv9hZkitCbBClqQIow1qSbCvGkcegKOXpEWCQLfWmevgRiWokZ1GkpfhbZug==}
    engines: {node: '>=6.9.0'}
    dependencies:
      regenerator-runtime: 0.13.9
    dev: false

  /@babel/types/7.18.4:
    resolution: {integrity: sha512-ThN1mBcMq5pG/Vm2IcBmPPfyPXbd8S02rS+OBIDENdufvqC7Z/jHPCv9IcP01277aKtDI8g/2XysBN4hA8niiw==}
    engines: {node: '>=6.9.0'}
    dependencies:
      '@babel/helper-validator-identifier': 7.16.7
      to-fast-properties: 2.0.0
    dev: false

  /@emotion/babel-plugin/11.9.2:
    resolution: {integrity: sha512-Pr/7HGH6H6yKgnVFNEj2MVlreu3ADqftqjqwUvDy/OJzKFgxKeTQ+eeUf20FOTuHVkDON2iNa25rAXVYtWJCjw==}
    peerDependencies:
      '@babel/core': ^7.0.0
    dependencies:
      '@babel/helper-module-imports': 7.16.7
      '@babel/plugin-syntax-jsx': 7.17.12
      '@babel/runtime': 7.18.3
      '@emotion/hash': 0.8.0
      '@emotion/memoize': 0.7.5
      '@emotion/serialize': 1.0.4
      babel-plugin-macros: 2.8.0
      convert-source-map: 1.8.0
      escape-string-regexp: 4.0.0
      find-root: 1.1.0
      source-map: 0.5.7
      stylis: 4.0.13
    dev: false

  /@emotion/cache/11.9.3:
    resolution: {integrity: sha512-0dgkI/JKlCXa+lEXviaMtGBL0ynpx4osh7rjOXE71q9bIF8G+XhJgvi+wDu0B0IdCVx37BffiwXlN9I3UuzFvg==}
    dependencies:
      '@emotion/memoize': 0.7.5
      '@emotion/sheet': 1.1.1
      '@emotion/utils': 1.1.0
      '@emotion/weak-memoize': 0.2.5
      stylis: 4.0.13
    dev: false

  /@emotion/hash/0.8.0:
    resolution: {integrity: sha512-kBJtf7PH6aWwZ6fka3zQ0p6SBYzx4fl1LoZXE2RrnYST9Xljm7WfKJrU4g/Xr3Beg72MLrp1AWNUmuYJTL7Cow==}
    dev: false

  /@emotion/memoize/0.7.5:
    resolution: {integrity: sha512-igX9a37DR2ZPGYtV6suZ6whr8pTFtyHL3K/oLUotxpSVO2ASaprmAe2Dkq7tBo7CRY7MMDrAa9nuQP9/YG8FxQ==}
    dev: false

  /@emotion/react/11.9.3_wlff343ihbuq5ksmlrv2tytkq4:
    resolution: {integrity: sha512-g9Q1GcTOlzOEjqwuLF/Zd9LC+4FljjPjDfxSM7KmEakm+hsHXk+bYZ2q+/hTJzr0OUNkujo72pXLQvXj6H+GJQ==}
    peerDependencies:
      '@babel/core': ^7.0.0
      '@types/react': '*'
      react: '>=16.8.0'
    peerDependenciesMeta:
      '@babel/core':
        optional: true
      '@types/react':
        optional: true
    dependencies:
      '@babel/runtime': 7.18.3
      '@emotion/babel-plugin': 11.9.2
      '@emotion/cache': 11.9.3
      '@emotion/serialize': 1.0.4
      '@emotion/utils': 1.1.0
      '@emotion/weak-memoize': 0.2.5
      '@types/react': 18.0.13
      hoist-non-react-statics: 3.3.2
      react: 18.2.0
    dev: false

  /@emotion/serialize/1.0.4:
    resolution: {integrity: sha512-1JHamSpH8PIfFwAMryO2bNka+y8+KA5yga5Ocf2d7ZEiJjb7xlLW7aknBGZqJLajuLOvJ+72vN+IBSwPlXD1Pg==}
    dependencies:
      '@emotion/hash': 0.8.0
      '@emotion/memoize': 0.7.5
      '@emotion/unitless': 0.7.5
      '@emotion/utils': 1.1.0
      csstype: 3.1.0
    dev: false

  /@emotion/sheet/1.1.1:
    resolution: {integrity: sha512-J3YPccVRMiTZxYAY0IOq3kd+hUP8idY8Kz6B/Cyo+JuXq52Ek+zbPbSQUrVQp95aJ+lsAW7DPL1P2Z+U1jGkKA==}
    dev: false

  /@emotion/unitless/0.7.5:
    resolution: {integrity: sha512-OWORNpfjMsSSUBVrRBVGECkhWcULOAJz9ZW8uK9qgxD+87M7jHRcvh/A96XXNhXTLmKcoYSQtBEX7lHMO7YRwg==}
    dev: false

  /@emotion/utils/1.1.0:
    resolution: {integrity: sha512-iRLa/Y4Rs5H/f2nimczYmS5kFJEbpiVvgN3XVfZ022IYhuNA1IRSHEizcof88LtCTXtl9S2Cxt32KgaXEu72JQ==}
    dev: false

  /@emotion/weak-memoize/0.2.5:
    resolution: {integrity: sha512-6U71C2Wp7r5XtFtQzYrW5iKFT67OixrSxjI4MptCHzdSVlgabczzqLe0ZSgnub/5Kp4hSbpDB1tMytZY9pwxxA==}
    dev: false

  /@lexical/clipboard/0.3.5_lexical@0.3.5:
    resolution: {integrity: sha512-S6qhUgGAqSqeZIcJUJ6xzF0L6BU27kNbPPRMkr+LxS4AL1dMWhBQlS4bU5jzFditJNjhAcpoUsfAiwLvcGbGog==}
    peerDependencies:
      lexical: 0.3.5
    dependencies:
      '@lexical/html': 0.3.5_lexical@0.3.5
      '@lexical/selection': 0.3.5_lexical@0.3.5
      '@lexical/utils': 0.3.5_lexical@0.3.5
      lexical: 0.3.5
    dev: false

  /@lexical/code/0.3.5_lexical@0.3.5:
    resolution: {integrity: sha512-fz8FxHhkLZT18dvVxTw4z5ke44F+8OTDq6tA2Iqbe/BWtexIXFuZvTr72GfobhMVsa4a9s/cRWDG+yQF8fCFUg==}
    peerDependencies:
      lexical: 0.3.5
    dependencies:
      '@lexical/utils': 0.3.5_lexical@0.3.5
      lexical: 0.3.5
      prismjs: 1.28.0
    dev: false

  /@lexical/dragon/0.3.5_lexical@0.3.5:
    resolution: {integrity: sha512-tPa4K0PYSUMdW014ed7Byr+kj8YHCfWLq/oosmG0P+LzcmsCl9gnQrv7jyFG3Y+adhhS7Ds0lHdXyT93pcJgBw==}
    peerDependencies:
      lexical: 0.3.5
    dependencies:
      lexical: 0.3.5
    dev: false

  /@lexical/hashtag/0.3.5_lexical@0.3.5:
    resolution: {integrity: sha512-Bk2N0K5WuTzciKJF7f44g3uYCwdMoektPpemG4czMab1GuBHkf1e5HJ7Y/I8rwAchK0WP9N91yAZZfLKGiT9wQ==}
    peerDependencies:
      lexical: 0.3.5
    dependencies:
      '@lexical/utils': 0.3.5_lexical@0.3.5
      lexical: 0.3.5
    dev: false

  /@lexical/history/0.3.5_lexical@0.3.5:
    resolution: {integrity: sha512-G9IH6ZPvJjAcpyjag1A6vQfknUIBRjbforswT6E8OOpxWK6EI2QRmrdMie9v5OgUAagcTJw7mkyXDPYc1t7PBw==}
    peerDependencies:
      lexical: 0.3.5
    dependencies:
      '@lexical/utils': 0.3.5_lexical@0.3.5
      lexical: 0.3.5
    dev: false

  /@lexical/html/0.3.5_lexical@0.3.5:
    resolution: {integrity: sha512-ROutiMr3p6tLxLQ3OXWqawt00RsGleT/5p+Yo0M5aD8OHtszqvriyT3nO7GiCED90S3Vb+V+xYjAcUhb+XcdgA==}
    peerDependencies:
      lexical: 0.3.5
    dependencies:
      lexical: 0.3.5
    dev: false

  /@lexical/link/0.3.5_lexical@0.3.5:
    resolution: {integrity: sha512-ERmc8244Bpy0RGaQ2kHal90BMBikWMW4T8InJKrHh2dqVte/HUL7kZDMSOaix3OjdHRuRi9yBZCGpzoul8a9Hg==}
    peerDependencies:
      lexical: 0.3.5
    dependencies:
      '@lexical/utils': 0.3.5_lexical@0.3.5
      lexical: 0.3.5
    dev: false

  /@lexical/list/0.3.5_lexical@0.3.5:
    resolution: {integrity: sha512-RU6UV9pSi9Mhh1QwUNkiBqYIihCOcJ92iBKry6LqkB8C4ANGadUHy0/kRnVK9+AIXN6egDUoONFnr7o8/Q/Lvw==}
    peerDependencies:
      lexical: 0.3.5
    dependencies:
      '@lexical/utils': 0.3.5_lexical@0.3.5
      lexical: 0.3.5
    dev: false

  /@lexical/mark/0.3.5_lexical@0.3.5:
    resolution: {integrity: sha512-/SAuHi4768/IHc/ReJW2sLm0L1V08GU3P8EEdlxkdSXNqXTBBVtihX9jnVW0/X7OyrD6wxzyK+CeWL4gHeDukw==}
    peerDependencies:
      lexical: 0.3.5
    dependencies:
      '@lexical/utils': 0.3.5_lexical@0.3.5
      lexical: 0.3.5
    dev: false

  /@lexical/markdown/0.3.5_kpfrxinqrajvxunekaoypcrmai:
    resolution: {integrity: sha512-8bzkUuB2jH6/rqZeguH9AW1LNRZlqr7myUkGpDBrPhYJ+q+DdN/FkeeTiJeXRKzjmf4dqUOnqP2ZVjkA+JcaqQ==}
    peerDependencies:
      lexical: 0.3.5
    dependencies:
      '@lexical/code': 0.3.5_lexical@0.3.5
      '@lexical/link': 0.3.5_lexical@0.3.5
      '@lexical/list': 0.3.5_lexical@0.3.5
      '@lexical/rich-text': 0.3.5_3apmhxcq7tbwntkdul54yrq52i
      '@lexical/text': 0.3.5_lexical@0.3.5
      '@lexical/utils': 0.3.5_lexical@0.3.5
      lexical: 0.3.5
    transitivePeerDependencies:
      - '@lexical/clipboard'
      - '@lexical/selection'
    dev: false

  /@lexical/offset/0.3.5_lexical@0.3.5:
    resolution: {integrity: sha512-mFYplAOy/GvzEJb0yyyqvcdK6J042fc589A8FMsal9R7hsH+7btAilVCy3xK7qbDo8QhbLqQjCZeYJ4OqC8cbQ==}
    peerDependencies:
      lexical: 0.3.5
    dependencies:
      lexical: 0.3.5
    dev: false

  /@lexical/overflow/0.3.5_lexical@0.3.5:
    resolution: {integrity: sha512-waim/rxPRL37R+6pdPgGv6otgNMfmyZewFHa198AShQrOksKBlWVSQ66ikQbZbgzSXqYI4LCrt4A1meo8E4m4Q==}
    peerDependencies:
      lexical: 0.3.5
    dependencies:
      lexical: 0.3.5
    dev: false

  /@lexical/plain-text/0.3.5_3apmhxcq7tbwntkdul54yrq52i:
    resolution: {integrity: sha512-y6ePx8NkDzL6E1O5tqrgTWe1KVzIbtQNJSJvtoN+9jOFKZegR3bLAwPIt88xV9WyQrtaGMtdmeB4lrN+jviczA==}
    peerDependencies:
      '@lexical/clipboard': 0.3.5
      '@lexical/selection': 0.3.5
      '@lexical/utils': 0.3.5
      lexical: 0.3.5
    dependencies:
      '@lexical/clipboard': 0.3.5_lexical@0.3.5
      '@lexical/selection': 0.3.5_lexical@0.3.5
      '@lexical/utils': 0.3.5_lexical@0.3.5
      lexical: 0.3.5
    dev: false

  /@lexical/react/0.3.5_wgy37jy4utdih7yjs3v4tdsxmm:
    resolution: {integrity: sha512-o1TXcPdhuGaIXMe9dPtOLTucfryJwqC+xpJ/QSgzkTy8qo+jva7fq9QjperZ+rVmWM06Neqj3VdOVi+j1qHfrg==}
    peerDependencies:
      lexical: 0.3.5
      react: '>=17.x'
      react-dom: '>=17.x'
    dependencies:
      '@lexical/clipboard': 0.3.5_lexical@0.3.5
      '@lexical/code': 0.3.5_lexical@0.3.5
      '@lexical/dragon': 0.3.5_lexical@0.3.5
      '@lexical/hashtag': 0.3.5_lexical@0.3.5
      '@lexical/history': 0.3.5_lexical@0.3.5
      '@lexical/link': 0.3.5_lexical@0.3.5
      '@lexical/list': 0.3.5_lexical@0.3.5
      '@lexical/mark': 0.3.5_lexical@0.3.5
      '@lexical/markdown': 0.3.5_kpfrxinqrajvxunekaoypcrmai
      '@lexical/overflow': 0.3.5_lexical@0.3.5
      '@lexical/plain-text': 0.3.5_3apmhxcq7tbwntkdul54yrq52i
      '@lexical/rich-text': 0.3.5_3apmhxcq7tbwntkdul54yrq52i
      '@lexical/selection': 0.3.5_lexical@0.3.5
      '@lexical/table': 0.3.5_lexical@0.3.5
      '@lexical/text': 0.3.5_lexical@0.3.5
      '@lexical/utils': 0.3.5_lexical@0.3.5
      '@lexical/yjs': 0.3.5_lexical@0.3.5
      lexical: 0.3.5
      react: 18.2.0
      react-dom: 18.2.0_react@18.2.0
    transitivePeerDependencies:
      - yjs
    dev: false

  /@lexical/rich-text/0.3.5_3apmhxcq7tbwntkdul54yrq52i:
    resolution: {integrity: sha512-+rQauexXzrDKrlRwY8WIvcAuhjz94UYd7+0oc3YwXeYkzh8GdnHlkzEQJktUOoDA8F7mVBhrbfUvaso03Ap4Cg==}
    peerDependencies:
      '@lexical/clipboard': 0.3.5
      '@lexical/selection': 0.3.5
      '@lexical/utils': 0.3.5
      lexical: 0.3.5
    dependencies:
      '@lexical/clipboard': 0.3.5_lexical@0.3.5
      '@lexical/selection': 0.3.5_lexical@0.3.5
      '@lexical/utils': 0.3.5_lexical@0.3.5
      lexical: 0.3.5
    dev: false

  /@lexical/selection/0.3.5_lexical@0.3.5:
    resolution: {integrity: sha512-kp/AYc1PRV7QWNSiA44wlJAJVxyIRX5YjjGFlA+KzlKpZ7x18owkHyIir1CaO3JozfPONwyIKan3bvxkF4lgFw==}
    peerDependencies:
      lexical: 0.3.5
    dependencies:
      lexical: 0.3.5
    dev: false

  /@lexical/table/0.3.5_lexical@0.3.5:
    resolution: {integrity: sha512-ly/xHwDZjspIy9AC1ypC/vMpYmqQ+2mL3jMYgAMZN19SZUQcuqGGM0zyJXy6quPUWvI5VdqwIO/Jra3dsI0ikQ==}
    peerDependencies:
      lexical: 0.3.5
    dependencies:
      '@lexical/utils': 0.3.5_lexical@0.3.5
      lexical: 0.3.5
    dev: false

  /@lexical/text/0.3.5_lexical@0.3.5:
    resolution: {integrity: sha512-q2QBchZKmS0INJYZrG7+G63aRYRE13gxcyur/sOzF0eHfYqfhJdwmnHpBkMKNeXoQoneKY2R5eLN34qYT2yFYw==}
    peerDependencies:
      lexical: 0.3.5
    dependencies:
      lexical: 0.3.5
    dev: false

  /@lexical/utils/0.3.5_lexical@0.3.5:
    resolution: {integrity: sha512-3wX7Y/aTzLlb0r2xTf8oJuouWMCbA1YmUUfDeMcSLH4wlOM+TQv4j7fbNj1Xm+8DWtfB96Ehx3cGW5zDWh6ytQ==}
    peerDependencies:
      lexical: 0.3.5
    dependencies:
      '@lexical/list': 0.3.5_lexical@0.3.5
      '@lexical/table': 0.3.5_lexical@0.3.5
      lexical: 0.3.5
    dev: false

  /@lexical/yjs/0.3.5_lexical@0.3.5:
    resolution: {integrity: sha512-GXQeb1REH8vwXdBgjE+VQPOHg5TwbMZwVhuX9wPaZzpXl3B0EpPDY/oRFPCM/y2vQBqxlGiBj4/QxqutgNoe2A==}
    peerDependencies:
      lexical: 0.3.5
      yjs: '>=13.5.22'
    dependencies:
      '@lexical/offset': 0.3.5_lexical@0.3.5
      lexical: 0.3.5
    dev: false

  /@next/env/12.1.6:
    resolution: {integrity: sha512-Te/OBDXFSodPU6jlXYPAXpmZr/AkG6DCATAxttQxqOWaq6eDFX25Db3dK0120GZrSZmv4QCe9KsZmJKDbWs4OA==}
    dev: false

  /@next/swc-android-arm-eabi/12.1.6:
    resolution: {integrity: sha512-BxBr3QAAAXWgk/K7EedvzxJr2dE014mghBSA9iOEAv0bMgF+MRq4PoASjuHi15M2zfowpcRG8XQhMFtxftCleQ==}
    engines: {node: '>= 10'}
    cpu: [arm]
    os: [android]
    requiresBuild: true
    dev: false
    optional: true

  /@next/swc-android-arm64/12.1.6:
    resolution: {integrity: sha512-EboEk3ROYY7U6WA2RrMt/cXXMokUTXXfnxe2+CU+DOahvbrO8QSWhlBl9I9ZbFzJx28AGB9Yo3oQHCvph/4Lew==}
    engines: {node: '>= 10'}
    cpu: [arm64]
    os: [android]
    requiresBuild: true
    dev: false
    optional: true

  /@next/swc-darwin-arm64/12.1.6:
    resolution: {integrity: sha512-P0EXU12BMSdNj1F7vdkP/VrYDuCNwBExtRPDYawgSUakzi6qP0iKJpya2BuLvNzXx+XPU49GFuDC5X+SvY0mOw==}
    engines: {node: '>= 10'}
    cpu: [arm64]
    os: [darwin]
    requiresBuild: true
    dev: false
    optional: true

  /@next/swc-darwin-x64/12.1.6:
    resolution: {integrity: sha512-9FptMnbgHJK3dRDzfTpexs9S2hGpzOQxSQbe8omz6Pcl7rnEp9x4uSEKY51ho85JCjL4d0tDLBcXEJZKKLzxNg==}
    engines: {node: '>= 10'}
    cpu: [x64]
    os: [darwin]
    requiresBuild: true
    dev: false
    optional: true

  /@next/swc-linux-arm-gnueabihf/12.1.6:
    resolution: {integrity: sha512-PvfEa1RR55dsik/IDkCKSFkk6ODNGJqPY3ysVUZqmnWMDSuqFtf7BPWHFa/53znpvVB5XaJ5Z1/6aR5CTIqxPw==}
    engines: {node: '>= 10'}
    cpu: [arm]
    os: [linux]
    requiresBuild: true
    dev: false
    optional: true

  /@next/swc-linux-arm64-gnu/12.1.6:
    resolution: {integrity: sha512-53QOvX1jBbC2ctnmWHyRhMajGq7QZfl974WYlwclXarVV418X7ed7o/EzGY+YVAEKzIVaAB9JFFWGXn8WWo0gQ==}
    engines: {node: '>= 10'}
    cpu: [arm64]
    os: [linux]
    requiresBuild: true
    dev: false
    optional: true

  /@next/swc-linux-arm64-musl/12.1.6:
    resolution: {integrity: sha512-CMWAkYqfGdQCS+uuMA1A2UhOfcUYeoqnTW7msLr2RyYAys15pD960hlDfq7QAi8BCAKk0sQ2rjsl0iqMyziohQ==}
    engines: {node: '>= 10'}
    cpu: [arm64]
    os: [linux]
    requiresBuild: true
    dev: false
    optional: true

  /@next/swc-linux-x64-gnu/12.1.6:
    resolution: {integrity: sha512-AC7jE4Fxpn0s3ujngClIDTiEM/CQiB2N2vkcyWWn6734AmGT03Duq6RYtPMymFobDdAtZGFZd5nR95WjPzbZAQ==}
    engines: {node: '>= 10'}
    cpu: [x64]
    os: [linux]
    requiresBuild: true
    dev: false
    optional: true

  /@next/swc-linux-x64-musl/12.1.6:
    resolution: {integrity: sha512-c9Vjmi0EVk0Kou2qbrynskVarnFwfYIi+wKufR9Ad7/IKKuP6aEhOdZiIIdKsYWRtK2IWRF3h3YmdnEa2WLUag==}
    engines: {node: '>= 10'}
    cpu: [x64]
    os: [linux]
    requiresBuild: true
    dev: false
    optional: true

  /@next/swc-win32-arm64-msvc/12.1.6:
    resolution: {integrity: sha512-3UTOL/5XZSKFelM7qN0it35o3Cegm6LsyuERR3/OoqEExyj3aCk7F025b54/707HTMAnjlvQK3DzLhPu/xxO4g==}
    engines: {node: '>= 10'}
    cpu: [arm64]
    os: [win32]
    requiresBuild: true
    dev: false
    optional: true

  /@next/swc-win32-ia32-msvc/12.1.6:
    resolution: {integrity: sha512-8ZWoj6nCq6fI1yCzKq6oK0jE6Mxlz4MrEsRyu0TwDztWQWe7rh4XXGLAa2YVPatYcHhMcUL+fQQbqd1MsgaSDA==}
    engines: {node: '>= 10'}
    cpu: [ia32]
    os: [win32]
    requiresBuild: true
    dev: false
    optional: true

  /@next/swc-win32-x64-msvc/12.1.6:
    resolution: {integrity: sha512-4ZEwiRuZEicXhXqmhw3+de8Z4EpOLQj/gp+D9fFWo6ii6W1kBkNNvvEx4A90ugppu+74pT1lIJnOuz3A9oQeJA==}
    engines: {node: '>= 10'}
    cpu: [x64]
    os: [win32]
    requiresBuild: true
    dev: false
    optional: true

  /@types/node/18.0.0:
    resolution: {integrity: sha512-cHlGmko4gWLVI27cGJntjs/Sj8th9aYwplmZFwmmgYQQvL5NUsgVJG7OddLvNfLqYS31KFN0s3qlaD9qCaxACA==}
    dev: true

  /@types/parse-json/4.0.0:
    resolution: {integrity: sha512-//oorEZjL6sbPcKUaCdIGlIUeH26mgzimjBB77G6XRgnDl/L5wOnpyBGRe/Mmf5CVW3PwEBE1NjiMZ/ssFh4wA==}
    dev: false

  /@types/prop-types/15.7.5:
    resolution: {integrity: sha512-JCB8C6SnDoQf0cNycqd/35A7MjcnK+ZTqE7judS6o7utxUCg6imJg3QK2qzHKszlTjcj2cn+NwMB2i96ubpj7w==}

  /@types/react-dom/18.0.5:
    resolution: {integrity: sha512-OWPWTUrY/NIrjsAPkAk1wW9LZeIjSvkXRhclsFO8CZcZGCOg2G0YZy4ft+rOyYxy8B7ui5iZzi9OkDebZ7/QSA==}
    dependencies:
      '@types/react': 18.0.13
    dev: true

  /@types/react/18.0.13:
    resolution: {integrity: sha512-psqptIYQxGUFuGYwP3KCFVtPTkMpIcrqFmtKblWEUQhLuYLpHBwJkXhjp6eHfDM5IbyskY4x7qQpLedEsPkHlA==}
    dependencies:
      '@types/prop-types': 15.7.5
      '@types/scheduler': 0.16.2
      csstype: 3.1.0

  /@types/scheduler/0.16.2:
    resolution: {integrity: sha512-hppQEBDmlwhFAXKJX2KnWLYu5yMfi91yazPb2l+lbJiwW+wdo1gNeRA+3RgNSO39WYX2euey41KEwnqesU2Jew==}

  /ansi-styles/3.2.1:
    resolution: {integrity: sha512-VT0ZI6kZRdTh8YyJw3SMbYm/u+NqfsAxEpWO0Pf9sq8/e94WxxOpPKx9FR1FlyCtOVDNOQ+8ntlqFxiRc+r5qA==}
    engines: {node: '>=4'}
    dependencies:
      color-convert: 1.9.3
    dev: false

  /babel-plugin-macros/2.8.0:
    resolution: {integrity: sha512-SEP5kJpfGYqYKpBrj5XU3ahw5p5GOHJ0U5ssOSQ/WBVdwkD2Dzlce95exQTs3jOVWPPKLBN2rlEWkCK7dSmLvg==}
    dependencies:
      '@babel/runtime': 7.18.3
      cosmiconfig: 6.0.0
      resolve: 1.22.0
    dev: false

  /callsites/3.1.0:
    resolution: {integrity: sha512-P8BjAsXvZS+VIDUI11hHCQEv74YT67YUi5JJFNWIqL235sBmjX4+qx9Muvls5ivyNENctx46xQLQ3aTuE7ssaQ==}
    engines: {node: '>=6'}
    dev: false

  /caniuse-lite/1.0.30001355:
    resolution: {integrity: sha512-Sd6pjJHF27LzCB7pT7qs+kuX2ndurzCzkpJl6Qct7LPSZ9jn0bkOA8mdgMgmqnQAWLVOOGjLpc+66V57eLtb1g==}
    dev: false

  /chalk/2.4.2:
    resolution: {integrity: sha512-Mti+f9lpJNcwF4tWV8/OrTTtF1gZi+f8FqlyAdouralcFWFQWF2+NgCHShjkCb+IFBLq9buZwE1xckQU4peSuQ==}
    engines: {node: '>=4'}
    dependencies:
      ansi-styles: 3.2.1
      escape-string-regexp: 1.0.5
      supports-color: 5.5.0
    dev: false

  /color-convert/1.9.3:
    resolution: {integrity: sha512-QfAUtd+vFdAtFQcC8CCyYt1fYWxSqAiK2cSD6zDB8N3cpsEBAvRxp9zOGg6G/SHHJYAT88/az/IuDGALsNVbGg==}
    dependencies:
      color-name: 1.1.3
    dev: false

  /color-name/1.1.3:
    resolution: {integrity: sha1-p9BVi9icQveV3UIyj3QIMcpTvCU=}
    dev: false

  /convert-source-map/1.8.0:
    resolution: {integrity: sha512-+OQdjP49zViI/6i7nIJpA8rAl4sV/JdPfU9nZs3VqOwGIgizICvuN2ru6fMd+4llL0tar18UYJXfZ/TWtmhUjA==}
    dependencies:
      safe-buffer: 5.1.2
    dev: false

  /cosmiconfig/6.0.0:
    resolution: {integrity: sha512-xb3ZL6+L8b9JLLCx3ZdoZy4+2ECphCMo2PwqgP1tlfVq6M6YReyzBJtvWWtbDSpNr9hn96pkCiZqUcFEc+54Qg==}
    engines: {node: '>=8'}
    dependencies:
      '@types/parse-json': 4.0.0
      import-fresh: 3.3.0
      parse-json: 5.2.0
      path-type: 4.0.0
      yaml: 1.10.2
    dev: false

  /csstype/3.1.0:
    resolution: {integrity: sha512-uX1KG+x9h5hIJsaKR9xHUeUraxf8IODOwq9JLNPq6BwB04a/xgpq3rcx47l5BZu5zBPlgD342tdke3Hom/nJRA==}

  /error-ex/1.3.2:
    resolution: {integrity: sha512-7dFHNmqeFSEt2ZBsCriorKnn3Z2pj+fd9kmI6QoWw4//DL+icEBfc0U7qJCisqrTsKTjw4fNFy2pW9OqStD84g==}
    dependencies:
      is-arrayish: 0.2.1
    dev: false

  /escape-string-regexp/1.0.5:
    resolution: {integrity: sha512-vbRorB5FUQWvla16U8R/qgaFIya2qGzwDrNmCZuYKrbdSUMG6I1ZCGQRefkRVhuOkIGVne7BQ35DSfo1qvJqFg==}
    engines: {node: '>=0.8.0'}
    dev: false

  /escape-string-regexp/4.0.0:
    resolution: {integrity: sha512-TtpcNJ3XAzx3Gq8sWRzJaVajRs0uVxA2YAkdb1jm2YkPz4G6egUFAyA3n5vtEIZefPk5Wa4UXbKuS5fKkJWdgA==}
    engines: {node: '>=10'}
    dev: false

  /find-root/1.1.0:
    resolution: {integrity: sha512-NKfW6bec6GfKc0SGx1e07QZY9PE99u0Bft/0rzSD5k3sO/vwkVUpDUKVm5Gpp5Ue3YfShPFTX2070tDs5kB9Ng==}
    dev: false

  /function-bind/1.1.1:
    resolution: {integrity: sha512-yIovAzMX49sF8Yl58fSCWJ5svSLuaibPxXQJFLmBObTuCr0Mf1KiPopGM9NiFjiYBCbfaa2Fh6breQ6ANVTI0A==}
    dev: false

  /has-flag/3.0.0:
    resolution: {integrity: sha512-sKJf1+ceQBr4SMkvQnBDNDtf4TXpVhVGateu0t918bl30FnbE2m4vNLX+VWe/dpjlb+HugGYzW7uQXH98HPEYw==}
    engines: {node: '>=4'}
    dev: false

  /has/1.0.3:
    resolution: {integrity: sha512-f2dvO0VU6Oej7RkWJGrehjbzMAjFp5/VKPp5tTpWIV4JHHZK1/BxbFRtf/siA2SWTe09caDmVtYYzWEIbBS4zw==}
    engines: {node: '>= 0.4.0'}
    dependencies:
      function-bind: 1.1.1
    dev: false

  /hoist-non-react-statics/3.3.2:
    resolution: {integrity: sha512-/gGivxi8JPKWNm/W0jSmzcMPpfpPLc3dY/6GxhX2hQ9iGj3aDfklV4ET7NjKpSinLpJ5vafa9iiGIEZg10SfBw==}
    dependencies:
      react-is: 16.13.1
    dev: false

  /import-fresh/3.3.0:
    resolution: {integrity: sha512-veYYhQa+D1QBKznvhUHxb8faxlrwUnxseDAbAp457E0wLNio2bOSKnjYDhMj+YiAq61xrMGhQk9iXVk5FzgQMw==}
    engines: {node: '>=6'}
    dependencies:
      parent-module: 1.0.1
      resolve-from: 4.0.0
    dev: false

  /is-arrayish/0.2.1:
    resolution: {integrity: sha512-zz06S8t0ozoDXMG+ube26zeCTNXcKIPJZJi8hBrF4idCLms4CG9QtK7qBl1boi5ODzFpjswb5JPmHCbMpjaYzg==}
    dev: false

  /is-core-module/2.9.0:
    resolution: {integrity: sha512-+5FPy5PnwmO3lvfMb0AsoPaBG+5KHUI0wYFXOtYPnVVVspTFUuMZNfNaNVRt3FZadstu2c8x23vykRW/NBoU6A==}
    dependencies:
      has: 1.0.3
    dev: false

  /js-tokens/4.0.0:
    resolution: {integrity: sha512-RdJUflcE3cUzKiMqQgsCu06FPu9UdIJO0beYbPhHN4k6apgJtifcoCtT9bcxOpYBtpD2kCM6Sbzg4CausW/PKQ==}
    dev: false

  /json-parse-even-better-errors/2.3.1:
    resolution: {integrity: sha512-xyFwyhro/JEof6Ghe2iz2NcXoj2sloNsWr/XsERDK/oiPCfaNhl5ONfp+jQdAZRQQ0IJWNzH9zIZF7li91kh2w==}
    dev: false

  /lexical/0.3.5:
    resolution: {integrity: sha512-zi4OvEH7BFOl8NX27cjqbwJSm9qKCgtPw4JJrUfHgXVNCW5yMDV3rXSUW4KnCjeiXHKEi2E+dDk+awfKntroNg==}
    dev: false

  /lines-and-columns/1.2.4:
    resolution: {integrity: sha512-7ylylesZQ/PV29jhEDl3Ufjo6ZX7gCqJr5F7PKrqc93v7fzSymt1BpwEU8nAUXs8qzzvqhbjhK5QZg6Mt/HkBg==}
    dev: false

  /loose-envify/1.4.0:
    resolution: {integrity: sha512-lyuxPGr/Wfhrlem2CL/UcnUc1zcqKAImBDzukY7Y5F/yQiNdko6+fRLevlw1HgMySw7f611UIY408EtxRSoK3Q==}
    hasBin: true
    dependencies:
      js-tokens: 4.0.0
    dev: false

  /nanoid/3.3.4:
    resolution: {integrity: sha512-MqBkQh/OHTS2egovRtLk45wEyNXwF+cokD+1YPf9u5VfJiRdAiRwB2froX5Co9Rh20xs4siNPm8naNotSD6RBw==}
    engines: {node: ^10 || ^12 || ^13.7 || ^14 || >=15.0.1}
    hasBin: true
    dev: false

  /next/12.1.6_biqbaboplfbrettd7655fr4n2y:
    resolution: {integrity: sha512-cebwKxL3/DhNKfg9tPZDQmbRKjueqykHHbgaoG4VBRH3AHQJ2HO0dbKFiS1hPhe1/qgc2d/hFeadsbPicmLD+A==}
    engines: {node: '>=12.22.0'}
    hasBin: true
    peerDependencies:
      fibers: '>= 3.1.0'
      node-sass: ^6.0.0 || ^7.0.0
      react: ^17.0.2 || ^18.0.0-0
      react-dom: ^17.0.2 || ^18.0.0-0
      sass: ^1.3.0
    peerDependenciesMeta:
      fibers:
        optional: true
      node-sass:
        optional: true
      sass:
        optional: true
    dependencies:
      '@next/env': 12.1.6
      caniuse-lite: 1.0.30001355
      postcss: 8.4.5
      react: 18.2.0
      react-dom: 18.2.0_react@18.2.0
      styled-jsx: 5.0.2_react@18.2.0
    optionalDependencies:
      '@next/swc-android-arm-eabi': 12.1.6
      '@next/swc-android-arm64': 12.1.6
      '@next/swc-darwin-arm64': 12.1.6
      '@next/swc-darwin-x64': 12.1.6
      '@next/swc-linux-arm-gnueabihf': 12.1.6
      '@next/swc-linux-arm64-gnu': 12.1.6
      '@next/swc-linux-arm64-musl': 12.1.6
      '@next/swc-linux-x64-gnu': 12.1.6
      '@next/swc-linux-x64-musl': 12.1.6
      '@next/swc-win32-arm64-msvc': 12.1.6
      '@next/swc-win32-ia32-msvc': 12.1.6
      '@next/swc-win32-x64-msvc': 12.1.6
    transitivePeerDependencies:
      - '@babel/core'
      - babel-plugin-macros
    dev: false

  /parent-module/1.0.1:
    resolution: {integrity: sha512-GQ2EWRpQV8/o+Aw8YqtfZZPfNRWZYkbidE9k5rpl/hC3vtHHBfGm2Ifi6qWV+coDGkrUKZAxE3Lot5kcsRlh+g==}
    engines: {node: '>=6'}
    dependencies:
      callsites: 3.1.0
    dev: false

  /parse-json/5.2.0:
    resolution: {integrity: sha512-ayCKvm/phCGxOkYRSCM82iDwct8/EonSEgCSxWxD7ve6jHggsFl4fZVQBPRNgQoKiuV/odhFrGzQXZwbifC8Rg==}
    engines: {node: '>=8'}
    dependencies:
      '@babel/code-frame': 7.16.7
      error-ex: 1.3.2
      json-parse-even-better-errors: 2.3.1
      lines-and-columns: 1.2.4
    dev: false

  /path-parse/1.0.7:
    resolution: {integrity: sha512-LDJzPVEEEPR+y48z93A0Ed0yXb8pAByGWo/k5YYdYgpY2/2EsOsksJrq7lOHxryrVOn1ejG6oAp8ahvOIQD8sw==}
    dev: false

  /path-type/4.0.0:
    resolution: {integrity: sha512-gDKb8aZMDeD/tZWs9P6+q0J9Mwkdl6xMV8TjnGP3qJVJ06bdMgkbBlLU8IdfOsIsFz2BW1rNVT3XuNEl8zPAvw==}
    engines: {node: '>=8'}
    dev: false

  /picocolors/1.0.0:
    resolution: {integrity: sha512-1fygroTLlHu66zi26VoTDv8yRgm0Fccecssto+MhsZ0D/DGW2sm8E8AjW7NU5VVTRt5GxbeZ5qBuJr+HyLYkjQ==}
    dev: false

  /postcss/8.4.5:
    resolution: {integrity: sha512-jBDboWM8qpaqwkMwItqTQTiFikhs/67OYVvblFFTM7MrZjt6yMKd6r2kgXizEbTTljacm4NldIlZnhbjr84QYg==}
    engines: {node: ^10 || ^12 || >=14}
    dependencies:
      nanoid: 3.3.4
      picocolors: 1.0.0
      source-map-js: 1.0.2
    dev: false

  /prismjs/1.28.0:
    resolution: {integrity: sha512-8aaXdYvl1F7iC7Xm1spqSaY/OJBpYW3v+KJ+F17iYxvdc8sfjW194COK5wVhMZX45tGteiBQgdvD/nhxcRwylw==}
    engines: {node: '>=6'}
    dev: false

  /react-dom/18.2.0_react@18.2.0:
    resolution: {integrity: sha512-6IMTriUmvsjHUjNtEDudZfuDQUoWXVxKHhlEGSk81n4YFS+r/Kl99wXiwlVXtPBtJenozv2P+hxDsw9eA7Xo6g==}
    peerDependencies:
      react: ^18.2.0
    dependencies:
      loose-envify: 1.4.0
      react: 18.2.0
      scheduler: 0.23.0
    dev: false

  /react-is/16.13.1:
    resolution: {integrity: sha512-24e6ynE2H+OKt4kqsOvNd8kBpV65zoxbA4BVsEOB3ARVWQki/DHzaUoC5KuON/BiccDaCCTZBuOcfZs70kR8bQ==}
    dev: false

  /react/18.2.0:
    resolution: {integrity: sha512-/3IjMdb2L9QbBdWiW5e3P2/npwMBaU9mHCSCUzNln0ZCYbcfTsGbTJrU/kGemdH2IWmB2ioZ+zkxtmq6g09fGQ==}
    engines: {node: '>=0.10.0'}
    dependencies:
      loose-envify: 1.4.0
    dev: false

  /regenerator-runtime/0.13.9:
    resolution: {integrity: sha512-p3VT+cOEgxFsRRA9X4lkI1E+k2/CtnKtU4gcxyaCUreilL/vqI6CdZ3wxVUx3UOUg+gnUOQQcRI7BmSI656MYA==}
    dev: false

  /resolve-from/4.0.0:
    resolution: {integrity: sha512-pb/MYmXstAkysRFx8piNI1tGFNQIFA3vkE3Gq4EuA1dF6gHp/+vgZqsCGJapvy8N3Q+4o7FwvquPJcnZ7RYy4g==}
    engines: {node: '>=4'}
    dev: false

  /resolve/1.22.0:
    resolution: {integrity: sha512-Hhtrw0nLeSrFQ7phPp4OOcVjLPIeMnRlr5mcnVuMe7M/7eBn98A3hmFRLoFo3DLZkivSYwhRUJTyPyWAk56WLw==}
    hasBin: true
    dependencies:
      is-core-module: 2.9.0
      path-parse: 1.0.7
      supports-preserve-symlinks-flag: 1.0.0
    dev: false

  /ress/5.0.2:
    resolution: {integrity: sha512-oHBtOWo/Uc8SzQMbQNIKTcgi8wKmAs7IlNlRywmXudbOtF+c27FlOIq7tnwLDVcTywe6JXYo1pDXHO6kABwNYA==}
    dev: false

  /safe-buffer/5.1.2:
    resolution: {integrity: sha512-Gd2UZBJDkXlY7GbJxfsE8/nvKkUEU1G38c1siN6QP6a9PT9MmHB8GnpscSmMJSoF8LOIrt8ud/wPtojys4G6+g==}
    dev: false

  /scheduler/0.23.0:
    resolution: {integrity: sha512-CtuThmgHNg7zIZWAXi3AsyIzA3n4xx7aNyjwC2VJldO2LMVDhFK+63xGqq6CsJH4rTAt6/M+N4GhZiDYPx9eUw==}
    dependencies:
      loose-envify: 1.4.0
    dev: false

  /source-map-js/1.0.2:
    resolution: {integrity: sha512-R0XvVJ9WusLiqTCEiGCmICCMplcCkIwwR11mOSD9CR5u+IXYdiseeEuXCVAjS54zqwkLcPNnmU4OeJ6tUrWhDw==}
    engines: {node: '>=0.10.0'}
    dev: false

  /source-map/0.5.7:
    resolution: {integrity: sha512-LbrmJOMUSdEVxIKvdcJzQC+nQhe8FUZQTXQy6+I75skNgn3OoQ0DZA8YnFa7gp8tqtL3KPf1kmo0R5DoApeSGQ==}
    engines: {node: '>=0.10.0'}
    dev: false

  /styled-jsx/5.0.2_react@18.2.0:
    resolution: {integrity: sha512-LqPQrbBh3egD57NBcHET4qcgshPks+yblyhPlH2GY8oaDgKs8SK4C3dBh3oSJjgzJ3G5t1SYEZGHkP+QEpX9EQ==}
    engines: {node: '>= 12.0.0'}
    peerDependencies:
      '@babel/core': '*'
      babel-plugin-macros: '*'
      react: '>= 16.8.0 || 17.x.x || ^18.0.0-0'
    peerDependenciesMeta:
      '@babel/core':
        optional: true
      babel-plugin-macros:
        optional: true
    dependencies:
      react: 18.2.0
    dev: false

  /stylis/4.0.13:
    resolution: {integrity: sha512-xGPXiFVl4YED9Jh7Euv2V220mriG9u4B2TA6Ybjc1catrstKD2PpIdU3U0RKpkVBC2EhmL/F0sPCr9vrFTNRag==}
    dev: false

  /supports-color/5.5.0:
    resolution: {integrity: sha512-QjVjwdXIt408MIiAqCX4oUKsgU2EqAGzs2Ppkm4aQYbjm+ZEWEcW4SfFNTr4uMNZma0ey4f5lgLrkB0aX0QMow==}
    engines: {node: '>=4'}
    dependencies:
      has-flag: 3.0.0
    dev: false

  /supports-preserve-symlinks-flag/1.0.0:
    resolution: {integrity: sha512-ot0WnXS9fgdkgIcePe6RHNk1WA8+muPa6cSjeR3V8K27q9BB1rTE3R1p7Hv0z1ZyAc8s6Vvv8DIyWf681MAt0w==}
    engines: {node: '>= 0.4'}
    dev: false

  /to-fast-properties/2.0.0:
    resolution: {integrity: sha512-/OaKK0xYrs3DmxRYqL/yDc+FxFUVYhDlXMhRmv3z915w2HF1tnN1omB354j8VUGO/hbRzyD6Y3sA7v7GS/ceog==}
    engines: {node: '>=4'}
    dev: false

  /typescript/4.7.3:
    resolution: {integrity: sha512-WOkT3XYvrpXx4vMMqlD+8R8R37fZkjyLGlxavMc4iB8lrl8L0DeTcHbYgw/v0N/z9wAFsgBhcsF0ruoySS22mA==}
    engines: {node: '>=4.2.0'}
    hasBin: true
    dev: true

  /yaml/1.10.2:
    resolution: {integrity: sha512-r3vXyErRCYJ7wg28yvBY5VSoAF8ZvlcW9/BwUzEtUsjvX/DKs24dIkuwjtuprwJJHsbyUbLApepYTR1BN4uHrg==}
    engines: {node: '>= 6'}
    dev: false
